
Microsoft Visual Studio Solution File, Format Version 12.00
# Visual Studio Version 17
VisualStudioVersion = 17.14.36623.8 d17.14
MinimumVisualStudioVersion = 10.0.40219.1
Project("{FAE04EC0-301F-11D3-BF4B-00C04F79EFBC}") = "FigureShopServer", "FigureShopServer\FigureShopServer.csproj", "{BE60FA7D-2931-4944-8DE9-05055E1C1E4C}"
EndProject
Project("{FAE04EC0-301F-11D3-BF4B-00C04F79EFBC}") = "FigureShopClient", "FigureShopClient\FigureShopClient.csproj", "{8C12A203-5A9B-4607-9B7B-BF148A394620}"
EndProject
Project("{FAE04EC0-301F-11D3-BF4B-00C04F79EFBC}") = "FigureShopSharedLibrary", "FigureShopSharedLibrary\FigureShopSharedLibrary.csproj", "{FD43F539-4AC0-424F-9FFC-14655DD0A7C5}"
EndProject
Global
	GlobalSection(SolutionConfigurationPlatforms) = preSolution
		Debug|Any CPU = Debug|Any CPU
		Release|Any CPU = Release|Any CPU
	EndGlobalSection
	GlobalSection(ProjectConfigurationPlatforms) = postSolution
		{BE60FA7D-2931-4944-8DE9-05055E1C1E4C}.Debug|Any CPU.ActiveCfg = Debug|Any CPU
		{BE60FA7D-2931-4944-8DE9-05055E1C1E4C}.Debug|Any CPU.Build.0 = Debug|Any CPU
		{BE60FA7D-2931-4944-8DE9-05055E1C1E4C}.Release|Any CPU.ActiveCfg = Release|Any CPU
		{BE60FA7D-2931-4944-8DE9-05055E1C1E4C}.Release|Any CPU.Build.0 = Release|Any CPU
		{8C12A203-5A9B-4607-9B7B-BF148A394620}.Debug|Any CPU.ActiveCfg = Debug|Any CPU
		{8C12A203-5A9B-4607-9B7B-BF148A394620}.Debug|Any CPU.Build.0 = Debug|Any CPU
		{8C12A203-5A9B-4607-9B7B-BF148A394620}.Release|Any CPU.ActiveCfg = Release|Any CPU
		{8C12A203-5A9B-4607-9B7B-BF148A394620}.Release|Any CPU.Build.0 = Release|Any CPU
		{FD43F539-4AC0-424F-9FFC-14655DD0A7C5}.Debug|Any CPU.ActiveCfg = Debug|Any CPU
		{FD43F539-4AC0-424F-9FFC-14655DD0A7C5}.Debug|Any CPU.Build.0 = Debug|Any CPU
		{FD43F539-4AC0-424F-9FFC-14655DD0A7C5}.Release|Any CPU.ActiveCfg = Release|Any CPU
		{FD43F539-4AC0-424F-9FFC-14655DD0A7C5}.Release|Any CPU.Build.0 = Release|Any CPU
	EndGlobalSection
	GlobalSection(SolutionProperties) = preSolution
		HideSolutionNode = FALSE
	EndGlobalSection
	GlobalSection(ExtensibilityGlobals) = postSolution
		SolutionGuid = {5F0250ED-A929-4977-BC43-19BFB23FFE4F}
	EndGlobalSection
EndGlobal
